
Microsoft Visual Studio Solution File, Format Version 12.00
# Visual Studio Version 17
VisualStudioVersion = 17.4.33213.308
MinimumVisualStudioVersion = 10.0.40219.1
Project("{FAE04EC0-301F-11D3-BF4B-00C04F79EFBC}") = "OOPSDemo", "OOPSDemo\OOPSDemo.csproj", "{3741944A-7BBA-4A52-9DA0-16C48991CACC}"
EndProject
Project("{FAE04EC0-301F-11D3-BF4B-00C04F79EFBC}") = "Constructor-Demo", "Constructor-Demo\Constructor-Demo.csproj", "{C4A7F104-EEFE-4123-BB11-9720AC38B5AC}"
EndProject
Project("{FAE04EC0-301F-11D3-BF4B-00C04F79EFBC}") = "InheritanceDemo", "InheritanceDemo\InheritanceDemo.csproj", "{4E364699-2215-44A6-A0E4-51F07400C592}"
EndProject
Global
	GlobalSection(SolutionConfigurationPlatforms) = preSolution
		Debug|Any CPU = Debug|Any CPU
		Release|Any CPU = Release|Any CPU
	EndGlobalSection
	GlobalSection(ProjectConfigurationPlatforms) = postSolution
		{3741944A-7BBA-4A52-9DA0-16C48991CACC}.Debug|Any CPU.ActiveCfg = Debug|Any CPU
		{3741944A-7BBA-4A52-9DA0-16C48991CACC}.Debug|Any CPU.Build.0 = Debug|Any CPU
		{3741944A-7BBA-4A52-9DA0-16C48991CACC}.Release|Any CPU.ActiveCfg = Release|Any CPU
		{3741944A-7BBA-4A52-9DA0-16C48991CACC}.Release|Any CPU.Build.0 = Release|Any CPU
		{C4A7F104-EEFE-4123-BB11-9720AC38B5AC}.Debug|Any CPU.ActiveCfg = Debug|Any CPU
		{C4A7F104-EEFE-4123-BB11-9720AC38B5AC}.Debug|Any CPU.Build.0 = Debug|Any CPU
		{C4A7F104-EEFE-4123-BB11-9720AC38B5AC}.Release|Any CPU.ActiveCfg = Release|Any CPU
		{C4A7F104-EEFE-4123-BB11-9720AC38B5AC}.Release|Any CPU.Build.0 = Release|Any CPU
		{4E364699-2215-44A6-A0E4-51F07400C592}.Debug|Any CPU.ActiveCfg = Debug|Any CPU
		{4E364699-2215-44A6-A0E4-51F07400C592}.Debug|Any CPU.Build.0 = Debug|Any CPU
		{4E364699-2215-44A6-A0E4-51F07400C592}.Release|Any CPU.ActiveCfg = Release|Any CPU
		{4E364699-2215-44A6-A0E4-51F07400C592}.Release|Any CPU.Build.0 = Release|Any CPU
	EndGlobalSection
	GlobalSection(SolutionProperties) = preSolution
		HideSolutionNode = FALSE
	EndGlobalSection
	GlobalSection(ExtensibilityGlobals) = postSolution
		SolutionGuid = {1CC804CB-B763-476C-89F7-D5501D804196}
	EndGlobalSection
EndGlobal
